
Microsoft Visual Studio Solution File, Format Version 12.00
# Visual Studio Version 17
VisualStudioVersion = 17.9.34728.123
MinimumVisualStudioVersion = 10.0.40219.1
Project("{FAE04EC0-301F-11D3-BF4B-00C04F79EFBC}") = "Producer.API", "Producer.API\Producer.API.csproj", "{8850F204-9219-432C-B7B3-6B7A37BD765D}"
EndProject
Project("{FAE04EC0-301F-11D3-BF4B-00C04F79EFBC}") = "Consumer.API", "Consumer.API\Consumer.API.csproj", "{2D119559-87F3-47CE-AB8C-6C12EC0B4BDA}"
EndProject
Project("{FAE04EC0-301F-11D3-BF4B-00C04F79EFBC}") = "Messages", "Messages\Messages.csproj", "{1762BC99-2B0D-444F-82F6-0A0397FDA33D}"
EndProject
Global
	GlobalSection(SolutionConfigurationPlatforms) = preSolution
		Debug|Any CPU = Debug|Any CPU
		Release|Any CPU = Release|Any CPU
	EndGlobalSection
	GlobalSection(ProjectConfigurationPlatforms) = postSolution
		{8850F204-9219-432C-B7B3-6B7A37BD765D}.Debug|Any CPU.ActiveCfg = Debug|Any CPU
		{8850F204-9219-432C-B7B3-6B7A37BD765D}.Debug|Any CPU.Build.0 = Debug|Any CPU
		{8850F204-9219-432C-B7B3-6B7A37BD765D}.Release|Any CPU.ActiveCfg = Release|Any CPU
		{8850F204-9219-432C-B7B3-6B7A37BD765D}.Release|Any CPU.Build.0 = Release|Any CPU
		{2D119559-87F3-47CE-AB8C-6C12EC0B4BDA}.Debug|Any CPU.ActiveCfg = Debug|Any CPU
		{2D119559-87F3-47CE-AB8C-6C12EC0B4BDA}.Debug|Any CPU.Build.0 = Debug|Any CPU
		{2D119559-87F3-47CE-AB8C-6C12EC0B4BDA}.Release|Any CPU.ActiveCfg = Release|Any CPU
		{2D119559-87F3-47CE-AB8C-6C12EC0B4BDA}.Release|Any CPU.Build.0 = Release|Any CPU
		{1762BC99-2B0D-444F-82F6-0A0397FDA33D}.Debug|Any CPU.ActiveCfg = Debug|Any CPU
		{1762BC99-2B0D-444F-82F6-0A0397FDA33D}.Debug|Any CPU.Build.0 = Debug|Any CPU
		{1762BC99-2B0D-444F-82F6-0A0397FDA33D}.Release|Any CPU.ActiveCfg = Release|Any CPU
		{1762BC99-2B0D-444F-82F6-0A0397FDA33D}.Release|Any CPU.Build.0 = Release|Any CPU
	EndGlobalSection
	GlobalSection(SolutionProperties) = preSolution
		HideSolutionNode = FALSE
	EndGlobalSection
	GlobalSection(ExtensibilityGlobals) = postSolution
		SolutionGuid = {11B7E9E2-B138-4175-957D-44E449D45011}
	EndGlobalSection
EndGlobal
